<?xml version="1.0" encoding="utf-8"?>
<Project ToolsVersion="4.0" xmlns="http://schemas.microsoft.com/developer/msbuild/2003">
  <ItemGroup>
    <Filter Include="Archivos de origen">
      <UniqueIdentifier>{4FC737F1-C7A5-4376-A066-2A32D752A2FF}</UniqueIdentifier>
      <Extensions>cpp;c;cc;cxx;def;odl;idl;hpj;bat;asm;asmx</Extensions>
    </Filter>
    <Filter Include="Archivos de encabezado">
      <UniqueIdentifier>{93995380-89BD-4b04-88EB-625FBE52EBFB}</UniqueIdentifier>
      <Extensions>h;hh;hpp;hxx;hm;inl;inc;ipp;xsd</Extensions>
    </Filter>
    <Filter Include="Archivos de recursos">
      <UniqueIdentifier>{67DA6AB6-F800-4c08-8B7A-83BB121AAD01}</UniqueIdentifier>
      <Extensions>rc;ico;cur;bmp;dlg;rc2;rct;bin;rgs;gif;jpg;jpeg;jpe;resx;tiff;tif;png;wav;mfcribbon-ms</Extensions>
    </Filter>
  </ItemGroup>
  <ItemGroup>
    <ClCompile Include="Renderer.cpp">
      <Filter>Archivos de origen</Filter>
    </ClCompile>
    <ClCompile Include="VertexBuffer.cpp">
      <Filter>Archivos de origen</Filter>
    </ClCompile>
    <ClCompile Include="IndexBuffer.cpp">
      <Filter>Archivos de origen</Filter>
    </ClCompile>
    <ClCompile Include="VertexArray.cpp">
      <Filter>Archivos de origen</Filter>
    </ClCompile>
    <ClCompile Include="Shader.cpp">
      <Filter>Archivos de origen</Filter>
    </ClCompile>
    <ClCompile Include="src\vendor\stb_image\stb_image.cpp">
      <Filter>Archivos de origen</Filter>
    </ClCompile>
    <ClCompile Include="Texture.cpp">
      <Filter>Archivos de origen</Filter>
    </ClCompile>
    <ClCompile Include="Window.cpp">
      <Filter>Archivos de origen</Filter>
    </ClCompile>
    <ClCompile Include="Entity.cpp">
      <Filter>Archivos de origen</Filter>
    </ClCompile>
    <ClCompile Include="Entity2d.cpp">
      <Filter>Archivos de origen</Filter>
    </ClCompile>
    <ClCompile Include="Shape.cpp">
      <Filter>Archivos de origen</Filter>
    </ClCompile>
    <ClCompile Include="BaseGame.cpp">
      <Filter>Archivos de origen</Filter>
    </ClCompile>
    <ClCompile Include="src\vendor\imgui\imgui.cpp">
      <Filter>Archivos de origen</Filter>
    </ClCompile>
    <ClCompile Include="src\vendor\imgui\imgui_demo.cpp">
      <Filter>Archivos de origen</Filter>
    </ClCompile>
    <ClCompile Include="src\vendor\imgui\imgui_draw.cpp">
      <Filter>Archivos de origen</Filter>
    </ClCompile>
    <ClCompile Include="src\vendor\imgui\imgui_impl_glfw_gl3.cpp">
      <Filter>Archivos de origen</Filter>
    </ClCompile>
    <ClCompile Include="ImGuiEngine.cpp">
      <Filter>Archivos de origen</Filter>
    </ClCompile>
    <ClCompile Include="RectangleShape.cpp">
      <Filter>Archivos de origen</Filter>
    </ClCompile>
    <ClCompile Include="Sprite.cpp">
      <Filter>Archivos de origen</Filter>
    </ClCompile>
    <ClCompile Include="TriangleShape.cpp">
      <Filter>Archivos de origen</Filter>
    </ClCompile>
    <ClCompile Include="Animaiton.cpp">
      <Filter>Archivos de origen</Filter>
    </ClCompile>
    <ClCompile Include="Frame.cpp">
      <Filter>Archivos de origen</Filter>
    </ClCompile>
    <ClCompile Include="Timer.cpp">
      <Filter>Archivos de origen</Filter>
    </ClCompile>
    <ClCompile Include="Tilemap.cpp">
      <Filter>Archivos de origen</Filter>
    </ClCompile>
    <ClCompile Include="Tile.cpp">
      <Filter>Archivos de origen</Filter>
    </ClCompile>
    <ClCompile Include="CollisionManager.cpp">
      <Filter>Archivos de origen</Filter>
    </ClCompile>
    <ClCompile Include="Input.cpp">
      <Filter>Archivos de origen</Filter>
    </ClCompile>
    <ClCompile Include="WindowInput.cpp">
      <Filter>Archivos de origen</Filter>
    </ClCompile>
  </ItemGroup>
  <ItemGroup>
    <None Include="res\Shaders\Basic.shader" />
  </ItemGroup>
  <ItemGroup>
    <ClInclude Include="Renderer.h">
      <Filter>Archivos de encabezado</Filter>
    </ClInclude>
    <ClInclude Include="VertexBuffer.h">
      <Filter>Archivos de encabezado</Filter>
    </ClInclude>
    <ClInclude Include="IndexBuffer.h">
      <Filter>Archivos de encabezado</Filter>
    </ClInclude>
    <ClInclude Include="VertexArray.h">
      <Filter>Archivos de encabezado</Filter>
    </ClInclude>
    <ClInclude Include="VertexBufferLayout.h">
      <Filter>Archivos de encabezado</Filter>
    </ClInclude>
    <ClInclude Include="Shader.h">
      <Filter>Archivos de encabezado</Filter>
    </ClInclude>
    <ClInclude Include="src\vendor\stb_image\stb_image.h">
      <Filter>Archivos de encabezado</Filter>
    </ClInclude>
    <ClInclude Include="Texture.h">
      <Filter>Archivos de encabezado</Filter>
    </ClInclude>
    <ClInclude Include="Window.h">
      <Filter>Archivos de encabezado</Filter>
    </ClInclude>
    <ClInclude Include="Entity.h">
      <Filter>Archivos de encabezado</Filter>
    </ClInclude>
    <ClInclude Include="Entity2d.h">
      <Filter>Archivos de encabezado</Filter>
    </ClInclude>
    <ClInclude Include="Shape.h">
      <Filter>Archivos de encabezado</Filter>
    </ClInclude>
    <ClInclude Include="DDLExport.h">
      <Filter>Archivos de encabezado</Filter>
    </ClInclude>
    <ClInclude Include="BaseGame.h">
      <Filter>Archivos de encabezado</Filter>
    </ClInclude>
    <ClInclude Include="src\vendor\imgui\imconfig.h">
      <Filter>Archivos de encabezado</Filter>
    </ClInclude>
    <ClInclude Include="src\vendor\imgui\imgui.h">
      <Filter>Archivos de encabezado</Filter>
    </ClInclude>
    <ClInclude Include="src\vendor\imgui\imgui_impl_glfw_gl3.h">
      <Filter>Archivos de encabezado</Filter>
    </ClInclude>
    <ClInclude Include="src\vendor\imgui\imgui_internal.h">
      <Filter>Archivos de encabezado</Filter>
    </ClInclude>
    <ClInclude Include="src\vendor\imgui\stb_rect_pack.h">
      <Filter>Archivos de encabezado</Filter>
    </ClInclude>
    <ClInclude Include="src\vendor\imgui\stb_textedit.h">
      <Filter>Archivos de encabezado</Filter>
    </ClInclude>
    <ClInclude Include="src\vendor\imgui\stb_truetype.h">
      <Filter>Archivos de encabezado</Filter>
    </ClInclude>
    <ClInclude Include="ImGuiEngine.h">
      <Filter>Archivos de encabezado</Filter>
    </ClInclude>
    <ClInclude Include="RectangleShape.h">
      <Filter>Archivos de encabezado</Filter>
    </ClInclude>
    <ClInclude Include="Sprite.h">
      <Filter>Archivos de encabezado</Filter>
    </ClInclude>
    <ClInclude Include="src\vendor\ShaderType.h">
      <Filter>Archivos de encabezado</Filter>
    </ClInclude>
    <ClInclude Include="TriangleShape.h">
      <Filter>Archivos de encabezado</Filter>
    </ClInclude>
    <ClInclude Include="Animaiton.h">
      <Filter>Archivos de encabezado</Filter>
    </ClInclude>
    <ClInclude Include="Frame.h">
      <Filter>Archivos de encabezado</Filter>
    </ClInclude>
    <ClInclude Include="Timer.h">
      <Filter>Archivos de encabezado</Filter>
    </ClInclude>
    <ClInclude Include="Tilemap.h">
      <Filter>Archivos de encabezado</Filter>
    </ClInclude>
    <ClInclude Include="Tile.h">
      <Filter>Archivos de encabezado</Filter>
    </ClInclude>
    <ClInclude Include="CollisionManager.h">
      <Filter>Archivos de encabezado</Filter>
    </ClInclude>
    <ClInclude Include="Input.h">
      <Filter>Archivos de encabezado</Filter>
    </ClInclude>
    <ClInclude Include="WindowInput.h">
      <Filter>Archivos de encabezado</Filter>
    </ClInclude>
  </ItemGroup>
  <ItemGroup>
    <Image Include="..\Ejecutable\res\textures\Characters.png">
      <Filter>Archivos de recursos</Filter>
    </Image>
  </ItemGroup>
</Project>