
Microsoft Visual Studio Solution File, Format Version 12.00
# Visual Studio Version 16
VisualStudioVersion = 16.0.29806.167
MinimumVisualStudioVersion = 10.0.40219.1
Project("{8BC9CEB8-8B4A-11D0-8D11-00A0C91BC942}") = "Opengl_Engine", "Opengl_Engine\Opengl_Engine.vcxproj", "{7FE0C55E-DF87-4AD0-A87F-7917D7CD4F9C}"
EndProject
Project("{8BC9CEB8-8B4A-11D0-8D11-00A0C91BC942}") = "Ejecutable", "Ejecutable\Ejecutable.vcxproj", "{0174BC34-D3E7-48C3-995D-285E6ACE3A76}"
	ProjectSection(ProjectDependencies) = postProject
		{7FE0C55E-DF87-4AD0-A87F-7917D7CD4F9C} = {7FE0C55E-DF87-4AD0-A87F-7917D7CD4F9C}
	EndProjectSection
EndProject
Global
	GlobalSection(SolutionConfigurationPlatforms) = preSolution
		Debug|x64 = Debug|x64
		Debug|x86 = Debug|x86
		Release|x64 = Release|x64
		Release|x86 = Release|x86
	EndGlobalSection
	GlobalSection(ProjectConfigurationPlatforms) = postSolution
		{7FE0C55E-DF87-4AD0-A87F-7917D7CD4F9C}.Debug|x64.ActiveCfg = Debug|x64
		{7FE0C55E-DF87-4AD0-A87F-7917D7CD4F9C}.Debug|x64.Build.0 = Debug|x64
		{7FE0C55E-DF87-4AD0-A87F-7917D7CD4F9C}.Debug|x86.ActiveCfg = Debug|Win32
		{7FE0C55E-DF87-4AD0-A87F-7917D7CD4F9C}.Debug|x86.Build.0 = Debug|Win32
		{7FE0C55E-DF87-4AD0-A87F-7917D7CD4F9C}.Release|x64.ActiveCfg = Release|x64
		{7FE0C55E-DF87-4AD0-A87F-7917D7CD4F9C}.Release|x64.Build.0 = Release|x64
		{7FE0C55E-DF87-4AD0-A87F-7917D7CD4F9C}.Release|x86.ActiveCfg = Release|Win32
		{7FE0C55E-DF87-4AD0-A87F-7917D7CD4F9C}.Release|x86.Build.0 = Release|Win32
		{0174BC34-D3E7-48C3-995D-285E6ACE3A76}.Debug|x64.ActiveCfg = Debug|x64
		{0174BC34-D3E7-48C3-995D-285E6ACE3A76}.Debug|x64.Build.0 = Debug|x64
		{0174BC34-D3E7-48C3-995D-285E6ACE3A76}.Debug|x86.ActiveCfg = Debug|Win32
		{0174BC34-D3E7-48C3-995D-285E6ACE3A76}.Debug|x86.Build.0 = Debug|Win32
		{0174BC34-D3E7-48C3-995D-285E6ACE3A76}.Release|x64.ActiveCfg = Release|x64
		{0174BC34-D3E7-48C3-995D-285E6ACE3A76}.Release|x64.Build.0 = Release|x64
		{0174BC34-D3E7-48C3-995D-285E6ACE3A76}.Release|x86.ActiveCfg = Release|Win32
		{0174BC34-D3E7-48C3-995D-285E6ACE3A76}.Release|x86.Build.0 = Release|Win32
	EndGlobalSection
	GlobalSection(SolutionProperties) = preSolution
		HideSolutionNode = FALSE
	EndGlobalSection
	GlobalSection(ExtensibilityGlobals) = postSolution
		SolutionGuid = {8CAD221F-9A65-4F21-AD05-31EC496B11B7}
	EndGlobalSection
EndGlobal
